colorama==0.4.6
iniconfig==2.3.0
numpy==2.5.1
packaging==26.2
pandas==3.0.5
patsy==1.0.2
pluggy==1.6.0
pygments==2.20.0
pytest==9.1.1
python-dateutil==2.9.0.post0
pyyaml==6.0.3
-e file:///C:/Users/ADMIN/PycharmProjects/QuantRAG
scipy==1.18.0
six==1.17.0
statsmodels==0.14.6
tqdm==4.70.0
tzdata==2026.3
